
Microsoft Visual Studio Solution File, Format Version 12.00
# Visual Studio 2012
Project("{FAE04EC0-301F-11D3-BF4B-00C04F79EFBC}") = "MVCSkeleton.Presentation", "MVCSkeleton\MVCSkeleton.Presentation.csproj", "{795E0097-E308-41CB-B5C6-1A52CF97526A}"
EndProject
Project("{FAE04EC0-301F-11D3-BF4B-00C04F79EFBC}") = "MVCSkeleton.UnitTests", "MVCSkeleton.Tests\MVCSkeleton.UnitTests.csproj", "{8E2B462A-1F32-4113-BB3F-118E4120EF56}"
EndProject
Project("{FAE04EC0-301F-11D3-BF4B-00C04F79EFBC}") = "MVCSkeleton.Domain", "MVCSkeleton.Domain\MVCSkeleton.Domain.csproj", "{6D845853-16D3-4802-A8E9-0E97DA53AF69}"
EndProject
Project("{FAE04EC0-301F-11D3-BF4B-00C04F79EFBC}") = "MVCSkeleton.Infrastracture.Utils", "MVCSkeleton.Infrastracture.Utils\MVCSkeleton.Infrastracture.Utils.csproj", "{803B97EB-41E8-4B5C-9DA8-EFD41CCCBA65}"
EndProject
Project("{FAE04EC0-301F-11D3-BF4B-00C04F79EFBC}") = "MVCSkeleton.IOC.StructureMap", "MVCSkeleton.IOC\MVCSkeleton.IOC.StructureMap.csproj", "{DB067A7F-4348-48A3-BBAF-0A8AECD477D9}"
EndProject
Project("{FAE04EC0-301F-11D3-BF4B-00C04F79EFBC}") = "MVCSkeleton.Application", "MVCSkeleton.Application\MVCSkeleton.Application.csproj", "{988C1CEE-B25A-4485-B871-1DFEBFA88846}"
EndProject
Project("{FAE04EC0-301F-11D3-BF4B-00C04F79EFBC}") = "MVCSkeleton.IntegrationTests", "MVCSkeleton.IntegrationTests\MVCSkeleton.IntegrationTests.csproj", "{C9EBBBA9-064D-434D-9E35-8BE79EBB07AD}"
EndProject
Project("{FAE04EC0-301F-11D3-BF4B-00C04F79EFBC}") = "MVCSkeleton.Mapper.AutoMapper", "MVCSkeleton.Mapper\MVCSkeleton.Mapper.AutoMapper.csproj", "{DFB07374-F8A4-4192-AF37-6E8E3013F9C4}"
EndProject
Project("{FAE04EC0-301F-11D3-BF4B-00C04F79EFBC}") = "MVCSkeleton.Infrastructure.Persistance.EntityFramework", "MVCSkeleton.Infrastructure.Persistance.EntityFramework\MVCSkeleton.Infrastructure.Persistance.EntityFramework.csproj", "{F7D8FC67-7939-4D66-B589-25FC97FD99D7}"
EndProject
Project("{FAE04EC0-301F-11D3-BF4B-00C04F79EFBC}") = "MVCSkeleton.Requirements", "MVCSkeleton.Requirements\MVCSkeleton.Requirements.csproj", "{7B8F7388-87B6-4E71-9B8B-F6929C64E25B}"
EndProject
Project("{FAE04EC0-301F-11D3-BF4B-00C04F79EFBC}") = "MVCSkeleton.DatabaseCreator", "MVCSkeleton.DatabaseCreator\MVCSkeleton.DatabaseCreator.csproj", "{07840DD4-905E-4419-9E83-3F270B0F4244}"
EndProject
Project("{00D1A9C2-B5F0-4AF3-8072-F6C62B433612}") = "MVCSkeleton.Database", "MVCSkeleton.Database\MVCSkeleton.Database.sqlproj", "{B990E5FC-B9B5-4E9E-BC45-D2E452A6374E}"
EndProject
Global
	GlobalSection(SolutionConfigurationPlatforms) = preSolution
		Debug|Any CPU = Debug|Any CPU
		Release|Any CPU = Release|Any CPU
	EndGlobalSection
	GlobalSection(ProjectConfigurationPlatforms) = postSolution
		{795E0097-E308-41CB-B5C6-1A52CF97526A}.Debug|Any CPU.ActiveCfg = Debug|Any CPU
		{795E0097-E308-41CB-B5C6-1A52CF97526A}.Debug|Any CPU.Build.0 = Debug|Any CPU
		{795E0097-E308-41CB-B5C6-1A52CF97526A}.Release|Any CPU.ActiveCfg = Release|Any CPU
		{795E0097-E308-41CB-B5C6-1A52CF97526A}.Release|Any CPU.Build.0 = Release|Any CPU
		{8E2B462A-1F32-4113-BB3F-118E4120EF56}.Debug|Any CPU.ActiveCfg = Debug|Any CPU
		{8E2B462A-1F32-4113-BB3F-118E4120EF56}.Debug|Any CPU.Build.0 = Debug|Any CPU
		{8E2B462A-1F32-4113-BB3F-118E4120EF56}.Release|Any CPU.ActiveCfg = Release|Any CPU
		{8E2B462A-1F32-4113-BB3F-118E4120EF56}.Release|Any CPU.Build.0 = Release|Any CPU
		{6D845853-16D3-4802-A8E9-0E97DA53AF69}.Debug|Any CPU.ActiveCfg = Debug|Any CPU
		{6D845853-16D3-4802-A8E9-0E97DA53AF69}.Debug|Any CPU.Build.0 = Debug|Any CPU
		{6D845853-16D3-4802-A8E9-0E97DA53AF69}.Release|Any CPU.ActiveCfg = Release|Any CPU
		{6D845853-16D3-4802-A8E9-0E97DA53AF69}.Release|Any CPU.Build.0 = Release|Any CPU
		{803B97EB-41E8-4B5C-9DA8-EFD41CCCBA65}.Debug|Any CPU.ActiveCfg = Debug|Any CPU
		{803B97EB-41E8-4B5C-9DA8-EFD41CCCBA65}.Debug|Any CPU.Build.0 = Debug|Any CPU
		{803B97EB-41E8-4B5C-9DA8-EFD41CCCBA65}.Release|Any CPU.ActiveCfg = Release|Any CPU
		{803B97EB-41E8-4B5C-9DA8-EFD41CCCBA65}.Release|Any CPU.Build.0 = Release|Any CPU
		{DB067A7F-4348-48A3-BBAF-0A8AECD477D9}.Debug|Any CPU.ActiveCfg = Debug|Any CPU
		{DB067A7F-4348-48A3-BBAF-0A8AECD477D9}.Debug|Any CPU.Build.0 = Debug|Any CPU
		{DB067A7F-4348-48A3-BBAF-0A8AECD477D9}.Release|Any CPU.ActiveCfg = Release|Any CPU
		{DB067A7F-4348-48A3-BBAF-0A8AECD477D9}.Release|Any CPU.Build.0 = Release|Any CPU
		{988C1CEE-B25A-4485-B871-1DFEBFA88846}.Debug|Any CPU.ActiveCfg = Debug|Any CPU
		{988C1CEE-B25A-4485-B871-1DFEBFA88846}.Debug|Any CPU.Build.0 = Debug|Any CPU
		{988C1CEE-B25A-4485-B871-1DFEBFA88846}.Release|Any CPU.ActiveCfg = Release|Any CPU
		{988C1CEE-B25A-4485-B871-1DFEBFA88846}.Release|Any CPU.Build.0 = Release|Any CPU
		{C9EBBBA9-064D-434D-9E35-8BE79EBB07AD}.Debug|Any CPU.ActiveCfg = Debug|Any CPU
		{C9EBBBA9-064D-434D-9E35-8BE79EBB07AD}.Debug|Any CPU.Build.0 = Debug|Any CPU
		{C9EBBBA9-064D-434D-9E35-8BE79EBB07AD}.Release|Any CPU.ActiveCfg = Release|Any CPU
		{C9EBBBA9-064D-434D-9E35-8BE79EBB07AD}.Release|Any CPU.Build.0 = Release|Any CPU
		{DFB07374-F8A4-4192-AF37-6E8E3013F9C4}.Debug|Any CPU.ActiveCfg = Debug|Any CPU
		{DFB07374-F8A4-4192-AF37-6E8E3013F9C4}.Debug|Any CPU.Build.0 = Debug|Any CPU
		{DFB07374-F8A4-4192-AF37-6E8E3013F9C4}.Release|Any CPU.ActiveCfg = Release|Any CPU
		{DFB07374-F8A4-4192-AF37-6E8E3013F9C4}.Release|Any CPU.Build.0 = Release|Any CPU
		{F7D8FC67-7939-4D66-B589-25FC97FD99D7}.Debug|Any CPU.ActiveCfg = Debug|Any CPU
		{F7D8FC67-7939-4D66-B589-25FC97FD99D7}.Debug|Any CPU.Build.0 = Debug|Any CPU
		{F7D8FC67-7939-4D66-B589-25FC97FD99D7}.Release|Any CPU.ActiveCfg = Release|Any CPU
		{F7D8FC67-7939-4D66-B589-25FC97FD99D7}.Release|Any CPU.Build.0 = Release|Any CPU
		{7B8F7388-87B6-4E71-9B8B-F6929C64E25B}.Debug|Any CPU.ActiveCfg = Debug|Any CPU
		{7B8F7388-87B6-4E71-9B8B-F6929C64E25B}.Debug|Any CPU.Build.0 = Debug|Any CPU
		{7B8F7388-87B6-4E71-9B8B-F6929C64E25B}.Release|Any CPU.ActiveCfg = Release|Any CPU
		{7B8F7388-87B6-4E71-9B8B-F6929C64E25B}.Release|Any CPU.Build.0 = Release|Any CPU
		{07840DD4-905E-4419-9E83-3F270B0F4244}.Debug|Any CPU.ActiveCfg = Debug|Any CPU
		{07840DD4-905E-4419-9E83-3F270B0F4244}.Debug|Any CPU.Build.0 = Debug|Any CPU
		{07840DD4-905E-4419-9E83-3F270B0F4244}.Release|Any CPU.ActiveCfg = Release|Any CPU
		{07840DD4-905E-4419-9E83-3F270B0F4244}.Release|Any CPU.Build.0 = Release|Any CPU
		{B990E5FC-B9B5-4E9E-BC45-D2E452A6374E}.Debug|Any CPU.ActiveCfg = Debug|Any CPU
		{B990E5FC-B9B5-4E9E-BC45-D2E452A6374E}.Debug|Any CPU.Build.0 = Debug|Any CPU
		{B990E5FC-B9B5-4E9E-BC45-D2E452A6374E}.Debug|Any CPU.Deploy.0 = Debug|Any CPU
		{B990E5FC-B9B5-4E9E-BC45-D2E452A6374E}.Release|Any CPU.ActiveCfg = Release|Any CPU
		{B990E5FC-B9B5-4E9E-BC45-D2E452A6374E}.Release|Any CPU.Build.0 = Release|Any CPU
		{B990E5FC-B9B5-4E9E-BC45-D2E452A6374E}.Release|Any CPU.Deploy.0 = Release|Any CPU
	EndGlobalSection
	GlobalSection(SolutionProperties) = preSolution
		HideSolutionNode = FALSE
	EndGlobalSection
EndGlobal
